
Microsoft Visual Studio Solution File, Format Version 12.00
# Visual Studio Version 17
VisualStudioVersion = 17.9.34622.214
MinimumVisualStudioVersion = 10.0.40219.1
Project("{FAE04EC0-301F-11D3-BF4B-00C04F79EFBC}") = "Bai_3", "Bai_3\Bai_3.csproj", "{5BECFD85-7D16-4190-B2F4-49451F32749E}"
EndProject
Global
	GlobalSection(SolutionConfigurationPlatforms) = preSolution
		Debug|Any CPU = Debug|Any CPU
		Release|Any CPU = Release|Any CPU
	EndGlobalSection
	GlobalSection(ProjectConfigurationPlatforms) = postSolution
		{5BECFD85-7D16-4190-B2F4-49451F32749E}.Debug|Any CPU.ActiveCfg = Debug|Any CPU
		{5BECFD85-7D16-4190-B2F4-49451F32749E}.Debug|Any CPU.Build.0 = Debug|Any CPU
		{5BECFD85-7D16-4190-B2F4-49451F32749E}.Release|Any CPU.ActiveCfg = Release|Any CPU
		{5BECFD85-7D16-4190-B2F4-49451F32749E}.Release|Any CPU.Build.0 = Release|Any CPU
	EndGlobalSection
	GlobalSection(SolutionProperties) = preSolution
		HideSolutionNode = FALSE
	EndGlobalSection
	GlobalSection(ExtensibilityGlobals) = postSolution
		SolutionGuid = {E57811BA-BCDE-4579-8832-980CA53C56E4}
	EndGlobalSection
EndGlobal
